{
  "version": 4,
  "terraform_version": "0.15.0",
  "serial": 51,
  "lineage": "84df9246-8730-8d1a-c82d-221975d239ac",
  "outputs": {},
  "resources": [
    {
      "mode": "managed",
      "type": "google_compute_instance",
      "name": "mygcp",
      "provider": "provider[\"registry.terraform.io/hashicorp/google\"]",
      "instances": [
        {
          "index_key": 0,
          "schema_version": 6,
          "attributes": {
            "allow_stopping_for_update": null,
            "attached_disk": [],
            "boot_disk": [
              {
                "auto_delete": true,
                "device_name": "persistent-disk-0",
                "disk_encryption_key_raw": "",
                "disk_encryption_key_sha256": "",
                "initialize_params": [
                  {
                    "image": "https://www.googleapis.com/compute/v1/projects/ubuntu-os-cloud/global/images/ubuntu-1804-bionic-v20210514",
                    "labels": {},
                    "size": 100,
                    "type": "pd-standard"
                  }
                ],
                "kms_key_self_link": "",
                "mode": "READ_WRITE",
                "source": "https://www.googleapis.com/compute/v1/projects/diamanti-314308/zones/us-central1-a/disks/kube-server"
              }
            ],
            "can_ip_forward": false,
            "confidential_instance_config": [],
            "cpu_platform": "Intel Haswell",
            "current_status": "RUNNING",
            "deletion_protection": false,
            "description": "",
            "desired_status": null,
            "enable_display": false,
            "guest_accelerator": [],
            "hostname": "",
            "id": "projects/diamanti-314308/zones/us-central1-a/instances/kube-server",
            "instance_id": "3612483410871739163",
            "label_fingerprint": "42WmSpB8rSM=",
            "labels": null,
            "machine_type": "e2-standard-4",
            "metadata": {
              "ssh-keys": "rana:ssh-rsa AAAAB3NzaC1yc2EAAAADAQABAAABgQDyU1CPXGdys/9uH3UduUxPZ52vxVErLrsH2jUIEGJU9AUiQQdrUZBQvSpNl1Mfp74pfjIaj86lwOAudvPYyP9ooeXKi062xV2C34noALqeFlR9hW54UVIa06ADUcrSJGg0ablUDaL19cDqNNNf0d37Yd+OokBEPDFWTGwGiFVXh+ReyecUgPNq6mmti4Ldk4RmphdUuhQEmiVhxnNYH4ecpAhyTQLiljWxv0EII89lzRjtblTHSrx8swmDPBOTh7EYfQLGgCEqHxJE+guLwSW8fv+b5RwRPn+Xr/AprQwwRdasymAwTpI74x+6DK9ZwBn6TmwP7S/ZU1zKixIQzP8S8f6rWqTY+uxx14krTBIK7aesjPt0yQRoh6W5hdL6Yog/NZcQa5pb0lGvK2593qIdIWCmDrYvlG2pIsD/dbVtc8pIDPDVdcVEl5SxjKMaImnEVVMQkLARQPgE94gUU36gfGxH1PczGDUT4bZZOmsvjkp1orRlWvOZRkalFiDq1GU= rana@1b975b67c5e4\n"
            },
            "metadata_fingerprint": "sHkoAZcEFA8=",
            "metadata_startup_script": "  #!/bin/bash\n  cd /var/tmp/\n  wget https://raw.githubusercontent.com/killer-sh/cks-course-environment/master/cluster-setup/latest/install_master.sh\n  wget https://raw.githubusercontent.com/killer-sh/cks-course-environment/master/cluster-setup/latest/install_worker.sh\n  chmod 700 install_master.sh\n  chmod 700 install_worker.sh\n",
            "min_cpu_platform": "",
            "name": "kube-server",
            "network_interface": [
              {
                "access_config": [
                  {
                    "nat_ip": "35.239.165.148",
                    "network_tier": "PREMIUM",
                    "public_ptr_domain_name": ""
                  }
                ],
                "alias_ip_range": [],
                "name": "nic0",
                "network": "https://www.googleapis.com/compute/v1/projects/diamanti-314308/global/networks/default",
                "network_ip": "10.128.0.19",
                "nic_type": "",
                "subnetwork": "https://www.googleapis.com/compute/v1/projects/diamanti-314308/regions/us-central1/subnetworks/default",
                "subnetwork_project": "diamanti-314308"
              }
            ],
            "project": "diamanti-314308",
            "resource_policies": null,
            "scheduling": [
              {
                "automatic_restart": true,
                "min_node_cpus": 0,
                "node_affinities": [],
                "on_host_maintenance": "MIGRATE",
                "preemptible": false
              }
            ],
            "scratch_disk": [],
            "self_link": "https://www.googleapis.com/compute/v1/projects/diamanti-314308/zones/us-central1-a/instances/kube-server",
            "service_account": [],
            "shielded_instance_config": [
              {
                "enable_integrity_monitoring": true,
                "enable_secure_boot": false,
                "enable_vtpm": true
              }
            ],
            "tags": null,
            "tags_fingerprint": "42WmSpB8rSM=",
            "timeouts": null,
            "zone": "us-central1-a"
          },
          "sensitive_attributes": [],
          "private": "eyJlMmJmYjczMC1lY2FhLTExZTYtOGY4OC0zNDM2M2JjN2M0YzAiOnsiY3JlYXRlIjoxMjAwMDAwMDAwMDAwLCJkZWxldGUiOjEyMDAwMDAwMDAwMDAsInVwZGF0ZSI6MTIwMDAwMDAwMDAwMH0sInNjaGVtYV92ZXJzaW9uIjoiNiJ9"
        },
        {
          "index_key": 1,
          "schema_version": 6,
          "attributes": {
            "allow_stopping_for_update": null,
            "attached_disk": [],
            "boot_disk": [
              {
                "auto_delete": true,
                "device_name": "persistent-disk-0",
                "disk_encryption_key_raw": "",
                "disk_encryption_key_sha256": "",
                "initialize_params": [
                  {
                    "image": "https://www.googleapis.com/compute/v1/projects/ubuntu-os-cloud/global/images/ubuntu-1804-bionic-v20210514",
                    "labels": {},
                    "size": 100,
                    "type": "pd-standard"
                  }
                ],
                "kms_key_self_link": "",
                "mode": "READ_WRITE",
                "source": "https://www.googleapis.com/compute/v1/projects/diamanti-314308/zones/us-central1-a/disks/kube-worker"
              }
            ],
            "can_ip_forward": false,
            "confidential_instance_config": [],
            "cpu_platform": "Intel Haswell",
            "current_status": "RUNNING",
            "deletion_protection": false,
            "description": "",
            "desired_status": null,
            "enable_display": false,
            "guest_accelerator": [],
            "hostname": "",
            "id": "projects/diamanti-314308/zones/us-central1-a/instances/kube-worker",
            "instance_id": "8574784377223930651",
            "label_fingerprint": "42WmSpB8rSM=",
            "labels": null,
            "machine_type": "e2-standard-4",
            "metadata": {
              "ssh-keys": "rana:ssh-rsa AAAAB3NzaC1yc2EAAAADAQABAAABgQDyU1CPXGdys/9uH3UduUxPZ52vxVErLrsH2jUIEGJU9AUiQQdrUZBQvSpNl1Mfp74pfjIaj86lwOAudvPYyP9ooeXKi062xV2C34noALqeFlR9hW54UVIa06ADUcrSJGg0ablUDaL19cDqNNNf0d37Yd+OokBEPDFWTGwGiFVXh+ReyecUgPNq6mmti4Ldk4RmphdUuhQEmiVhxnNYH4ecpAhyTQLiljWxv0EII89lzRjtblTHSrx8swmDPBOTh7EYfQLGgCEqHxJE+guLwSW8fv+b5RwRPn+Xr/AprQwwRdasymAwTpI74x+6DK9ZwBn6TmwP7S/ZU1zKixIQzP8S8f6rWqTY+uxx14krTBIK7aesjPt0yQRoh6W5hdL6Yog/NZcQa5pb0lGvK2593qIdIWCmDrYvlG2pIsD/dbVtc8pIDPDVdcVEl5SxjKMaImnEVVMQkLARQPgE94gUU36gfGxH1PczGDUT4bZZOmsvjkp1orRlWvOZRkalFiDq1GU= rana@1b975b67c5e4\n"
            },
            "metadata_fingerprint": "sHkoAZcEFA8=",
            "metadata_startup_script": "  #!/bin/bash\n  cd /var/tmp/\n  wget https://raw.githubusercontent.com/killer-sh/cks-course-environment/master/cluster-setup/latest/install_master.sh\n  wget https://raw.githubusercontent.com/killer-sh/cks-course-environment/master/cluster-setup/latest/install_worker.sh\n  chmod 700 install_master.sh\n  chmod 700 install_worker.sh\n",
            "min_cpu_platform": "",
            "name": "kube-worker",
            "network_interface": [
              {
                "access_config": [
                  {
                    "nat_ip": "35.188.11.219",
                    "network_tier": "PREMIUM",
                    "public_ptr_domain_name": ""
                  }
                ],
                "alias_ip_range": [],
                "name": "nic0",
                "network": "https://www.googleapis.com/compute/v1/projects/diamanti-314308/global/networks/default",
                "network_ip": "10.128.0.18",
                "nic_type": "",
                "subnetwork": "https://www.googleapis.com/compute/v1/projects/diamanti-314308/regions/us-central1/subnetworks/default",
                "subnetwork_project": "diamanti-314308"
              }
            ],
            "project": "diamanti-314308",
            "resource_policies": null,
            "scheduling": [
              {
                "automatic_restart": true,
                "min_node_cpus": 0,
                "node_affinities": [],
                "on_host_maintenance": "MIGRATE",
                "preemptible": false
              }
            ],
            "scratch_disk": [],
            "self_link": "https://www.googleapis.com/compute/v1/projects/diamanti-314308/zones/us-central1-a/instances/kube-worker",
            "service_account": [],
            "shielded_instance_config": [
              {
                "enable_integrity_monitoring": true,
                "enable_secure_boot": false,
                "enable_vtpm": true
              }
            ],
            "tags": null,
            "tags_fingerprint": "42WmSpB8rSM=",
            "timeouts": null,
            "zone": "us-central1-a"
          },
          "sensitive_attributes": [],
          "private": "eyJlMmJmYjczMC1lY2FhLTExZTYtOGY4OC0zNDM2M2JjN2M0YzAiOnsiY3JlYXRlIjoxMjAwMDAwMDAwMDAwLCJkZWxldGUiOjEyMDAwMDAwMDAwMDAsInVwZGF0ZSI6MTIwMDAwMDAwMDAwMH0sInNjaGVtYV92ZXJzaW9uIjoiNiJ9"
        }
      ]
    }
  ]
}
